
Microsoft Visual Studio Solution File, Format Version 12.00
# Visual Studio 14
VisualStudioVersion = 14.0.25123.0
MinimumVisualStudioVersion = 10.0.40219.1
Project("{FAE04EC0-301F-11D3-BF4B-00C04F79EFBC}") = "Strings", "Strings.csproj", "{42975F18-B616-4E2A-9526-E744DF10A9E8}"
EndProject
Project("{FAE04EC0-301F-11D3-BF4B-00C04F79EFBC}") = "StringsTest", "StringsTest\StringsTest.csproj", "{8C2EF0E5-B5D0-4CEC-94B2-68CF5B261055}"
EndProject
Global
	GlobalSection(SolutionConfigurationPlatforms) = preSolution
		Debug|Any CPU = Debug|Any CPU
		Release|Any CPU = Release|Any CPU
	EndGlobalSection
	GlobalSection(ProjectConfigurationPlatforms) = postSolution
		{42975F18-B616-4E2A-9526-E744DF10A9E8}.Debug|Any CPU.ActiveCfg = Debug|Any CPU
		{42975F18-B616-4E2A-9526-E744DF10A9E8}.Debug|Any CPU.Build.0 = Debug|Any CPU
		{42975F18-B616-4E2A-9526-E744DF10A9E8}.Release|Any CPU.ActiveCfg = Release|Any CPU
		{42975F18-B616-4E2A-9526-E744DF10A9E8}.Release|Any CPU.Build.0 = Release|Any CPU
		{8C2EF0E5-B5D0-4CEC-94B2-68CF5B261055}.Debug|Any CPU.ActiveCfg = Debug|Any CPU
		{8C2EF0E5-B5D0-4CEC-94B2-68CF5B261055}.Debug|Any CPU.Build.0 = Debug|Any CPU
		{8C2EF0E5-B5D0-4CEC-94B2-68CF5B261055}.Release|Any CPU.ActiveCfg = Release|Any CPU
		{8C2EF0E5-B5D0-4CEC-94B2-68CF5B261055}.Release|Any CPU.Build.0 = Release|Any CPU
	EndGlobalSection
	GlobalSection(SolutionProperties) = preSolution
		HideSolutionNode = FALSE
	EndGlobalSection
EndGlobal
