
Microsoft Visual Studio Solution File, Format Version 12.00
# Visual Studio 14
VisualStudioVersion = 14.0.25123.0
MinimumVisualStudioVersion = 10.0.40219.1
Project("{FAE04EC0-301F-11D3-BF4B-00C04F79EFBC}") = "HelloPerson", "HelloPerson.csproj", "{47EF6E7E-EBE9-4AFE-9172-DB5A4944707F}"
EndProject
Global
	GlobalSection(SolutionConfigurationPlatforms) = preSolution
		Debug|Any CPU = Debug|Any CPU
		Release|Any CPU = Release|Any CPU
	EndGlobalSection
	GlobalSection(ProjectConfigurationPlatforms) = postSolution
		{47EF6E7E-EBE9-4AFE-9172-DB5A4944707F}.Debug|Any CPU.ActiveCfg = Debug|Any CPU
		{47EF6E7E-EBE9-4AFE-9172-DB5A4944707F}.Debug|Any CPU.Build.0 = Debug|Any CPU
		{47EF6E7E-EBE9-4AFE-9172-DB5A4944707F}.Release|Any CPU.ActiveCfg = Release|Any CPU
		{47EF6E7E-EBE9-4AFE-9172-DB5A4944707F}.Release|Any CPU.Build.0 = Release|Any CPU
	EndGlobalSection
	GlobalSection(SolutionProperties) = preSolution
		HideSolutionNode = FALSE
	EndGlobalSection
EndGlobal
